
Microsoft Visual Studio Solution File, Format Version 12.00
# Visual Studio Version 16
VisualStudioVersion = 16.0.32510.428
MinimumVisualStudioVersion = 10.0.40219.1
Project("{8BC9CEB8-8B4A-11D0-8D11-00A0C91BC942}") = "CS20A Project3", "CS20A Project3\CS20A Project3.vcxproj", "{3878742A-44CB-4CAA-864F-FD49B514FE14}"
EndProject
Global
	GlobalSection(SolutionConfigurationPlatforms) = preSolution
		Debug|x64 = Debug|x64
		Debug|x86 = Debug|x86
		Release|x64 = Release|x64
		Release|x86 = Release|x86
	EndGlobalSection
	GlobalSection(ProjectConfigurationPlatforms) = postSolution
		{3878742A-44CB-4CAA-864F-FD49B514FE14}.Debug|x64.ActiveCfg = Debug|x64
		{3878742A-44CB-4CAA-864F-FD49B514FE14}.Debug|x64.Build.0 = Debug|x64
		{3878742A-44CB-4CAA-864F-FD49B514FE14}.Debug|x86.ActiveCfg = Debug|Win32
		{3878742A-44CB-4CAA-864F-FD49B514FE14}.Debug|x86.Build.0 = Debug|Win32
		{3878742A-44CB-4CAA-864F-FD49B514FE14}.Release|x64.ActiveCfg = Release|x64
		{3878742A-44CB-4CAA-864F-FD49B514FE14}.Release|x64.Build.0 = Release|x64
		{3878742A-44CB-4CAA-864F-FD49B514FE14}.Release|x86.ActiveCfg = Release|Win32
		{3878742A-44CB-4CAA-864F-FD49B514FE14}.Release|x86.Build.0 = Release|Win32
	EndGlobalSection
	GlobalSection(SolutionProperties) = preSolution
		HideSolutionNode = FALSE
	EndGlobalSection
	GlobalSection(ExtensibilityGlobals) = postSolution
		SolutionGuid = {73CD6C86-7E96-46A2-A6FC-98AC87411B85}
	EndGlobalSection
EndGlobal
